# This file was autogenerated by Stack.
# You should not edit this file by hand.
# For more information, please see the documentation at:
#   https://docs.haskellstack.org/en/stable/lock_files

packages:
- completed:
    commit: 3845d73325036aa6871c51981ffc348917622c78
    git: https://github.com/eir-forsakring/aws-lambda-haskell-runtime.git
    name: aws-lambda-haskell-runtime
    pantry-tree:
      sha256: 5c0610fe7052a8e8205b5dc59807a29dc13cd766cb69e282cb3fa11006c0ddf8
      size: 3424
    version: 4.1.1
  original:
    commit: 3845d73325036aa6871c51981ffc348917622c78
    git: https://github.com/eir-forsakring/aws-lambda-haskell-runtime.git
- completed:
    commit: 2574d4161326b56e0d359bcd9ec6e57c25e94d0d
    git: https://github.com/brendanhay/amazonka.git
    name: amazonka
    pantry-tree:
      sha256: deff4f03cbb7577dbe70c23c1ec78dcfe8a14dadb1192b46fb98697a4b3e26c4
      size: 1379
    subdir: lib/amazonka
    version: '2.0'
  original:
    commit: 2574d4161326b56e0d359bcd9ec6e57c25e94d0d
    git: https://github.com/brendanhay/amazonka.git
    subdir: lib/amazonka
- completed:
    commit: 2574d4161326b56e0d359bcd9ec6e57c25e94d0d
    git: https://github.com/brendanhay/amazonka.git
    name: amazonka-core
    pantry-tree:
      sha256: d31e5d523e88f897a07185913132be8ec50ddc8a645bda48b114fedfdfee48e6
      size: 3273
    subdir: lib/amazonka-core
    version: '2.0'
  original:
    commit: 2574d4161326b56e0d359bcd9ec6e57c25e94d0d
    git: https://github.com/brendanhay/amazonka.git
    subdir: lib/amazonka-core
- completed:
    commit: 2574d4161326b56e0d359bcd9ec6e57c25e94d0d
    git: https://github.com/brendanhay/amazonka.git
    name: amazonka-sts
    pantry-tree:
      sha256: ba9b7c1f8bda78b25838874bd9248e23dc8ae344c09a640300e6f6ea1bde51a4
      size: 2932
    subdir: lib/services/amazonka-sts
    version: '2.0'
  original:
    commit: 2574d4161326b56e0d359bcd9ec6e57c25e94d0d
    git: https://github.com/brendanhay/amazonka.git
    subdir: lib/services/amazonka-sts
- completed:
    commit: 2574d4161326b56e0d359bcd9ec6e57c25e94d0d
    git: https://github.com/brendanhay/amazonka.git
    name: amazonka-sso
    pantry-tree:
      sha256: b4a5d88ce6ad72a6d3824746d6ffcbc21ab12066bb8f6dd6fce6497706877839
      size: 1869
    subdir: lib/services/amazonka-sso
    version: '2.0'
  original:
    commit: 2574d4161326b56e0d359bcd9ec6e57c25e94d0d
    git: https://github.com/brendanhay/amazonka.git
    subdir: lib/services/amazonka-sso
- completed:
    commit: 2574d4161326b56e0d359bcd9ec6e57c25e94d0d
    git: https://github.com/brendanhay/amazonka.git
    name: amazonka-s3
    pantry-tree:
      sha256: bda73b5172310137ff3b4e9e6526d3a6e41963e54fd30a2bf257a8d6ce95b895
      size: 38743
    subdir: lib/services/amazonka-s3
    version: '2.0'
  original:
    commit: 2574d4161326b56e0d359bcd9ec6e57c25e94d0d
    git: https://github.com/brendanhay/amazonka.git
    subdir: lib/services/amazonka-s3
- completed:
    commit: 2574d4161326b56e0d359bcd9ec6e57c25e94d0d
    git: https://github.com/brendanhay/amazonka.git
    name: amazonka-dynamodb
    pantry-tree:
      sha256: 1e6a684dc7220226815f322203a5e568c6d6d963fb8f8087d46b45e13aa0c94a
      size: 25678
    subdir: lib/services/amazonka-dynamodb
    version: '2.0'
  original:
    commit: 2574d4161326b56e0d359bcd9ec6e57c25e94d0d
    git: https://github.com/brendanhay/amazonka.git
    subdir: lib/services/amazonka-dynamodb
- completed:
    hackage: tomland-1.3.3.2@sha256:0b4a24f8584f636b7799d9044586762967978f9c225392493307617057f0d288,9063
    pantry-tree:
      sha256: 2fd674ad63b03bf97a15d159b460e5cc91f1fbdc87a71a191fff380994c86fba
      size: 6430
  original:
    hackage: tomland-1.3.3.2@sha256:0b4a24f8584f636b7799d9044586762967978f9c225392493307617057f0d288,9063
- completed:
    hackage: validation-selective-0.1.0.2@sha256:c878846bfffeba69efa3b4866025f249656e0e0a129fed6d446eb602382d328b,3856
    pantry-tree:
      sha256: cf625f9876fb4122bf19ba3d78f480966882c4130c3824765fd04730b32cc719
      size: 696
  original:
    hackage: validation-selective-0.1.0.2@sha256:c878846bfffeba69efa3b4866025f249656e0e0a129fed6d446eb602382d328b,3856
- completed:
    commit: d4afe2b277321405fe89ba67d4d2cf135816d1ff
    git: https://github.com/luvemil/us-lib-public.git
    name: us-lib-public
    pantry-tree:
      sha256: 32eb61833bbbebecb11fd9d654e7aae4c1c8221e3e53596eb5238b6d452bb370
      size: 1894
    version: 0.1.0.0
  original:
    commit: d4afe2b277321405fe89ba67d4d2cf135816d1ff
    git: https://github.com/luvemil/us-lib-public.git
- completed:
    commit: ae85ad792a670585fb5246329f6865c380353eef
    git: git@github.com:luvemil/us-lib-private.git
    name: us-lib-private
    pantry-tree:
      sha256: 9a2418fb5ac7860a017373e4acc5620eb1b540c6e7223de973394e1c180dca28
      size: 1466
    version: 0.1.0.0
  original:
    commit: ae85ad792a670585fb5246329f6865c380353eef
    git: git@github.com:luvemil/us-lib-private.git
snapshots:
- completed:
    sha256: 5cacb39a2c21842535dc0a31e2005d3b1eb18e451a89d58c28381e1efdb9520f
    size: 647983
    url: https://raw.githubusercontent.com/commercialhaskell/stackage-snapshots/master/nightly/2022/11/12.yaml
  original: nightly-2022-11-12
